// !$*UTF8*$!
{
	archiveVersion = 1;
	classes = {
	};
	objectVersion = 46;
	objects = {

/* Begin PBXBuildFile section */
		BCD499DE1F1FE9A600DD26D8 /* main.m in Sources */ = {isa = PBXBuildFile; fileRef = BCD499DD1F1FE9A600DD26D8 /* main.m */; };
		BCD499E11F1FE9A600DD26D8 /* AppDelegate.m in Sources */ = {isa = PBXBuildFile; fileRef = BCD499E01F1FE9A600DD26D8 /* AppDelegate.m */; };
		BCD499E41F1FE9A600DD26D8 /* LayoutViewController.m in Sources */ = {isa = PBXBuildFile; fileRef = BCD499E31F1FE9A600DD26D8 /* LayoutViewController.m */; };
		BCD499E91F1FE9A600DD26D8 /* Assets.xcassets in Resources */ = {isa = PBXBuildFile; fileRef = BCD499E81F1FE9A600DD26D8 /* Assets.xcassets */; };
		BCD499EC1F1FE9A600DD26D8 /* LaunchScreen.storyboard in Resources */ = {isa = PBXBuildFile; fileRef = BCD499EA1F1FE9A600DD26D8 /* LaunchScreen.storyboard */; };
		BCD499F51F1FFCF000DD26D8 /* ContentViewController.m in Sources */ = {isa = PBXBuildFile; fileRef = BCD499F41F1FFCF000DD26D8 /* ContentViewController.m */; };
		BCD499F81F24C21400DD26D8 /* RootViewController.m in Sources */ = {isa = PBXBuildFile; fileRef = BCD499F71F24C21400DD26D8 /* RootViewController.m */; };
/* End PBXBuildFile section */

/* Begin PBXFileReference section */
		BCD499D91F1FE9A600DD26D8 /* LayoutViewController.app */ = {isa = PBXFileReference; explicitFileType = wrapper.application; includeInIndex = 0; path = LayoutViewController.app; sourceTree = BUILT_PRODUCTS_DIR; };
		BCD499DD1F1FE9A600DD26D8 /* main.m */ = {isa = PBXFileReference; lastKnownFileType = sourcecode.c.objc; path = main.m; sourceTree = "<group>"; };
		BCD499DF1F1FE9A600DD26D8 /* AppDelegate.h */ = {isa = PBXFileReference; lastKnownFileType = sourcecode.c.h; path = AppDelegate.h; sourceTree = "<group>"; };
		BCD499E01F1FE9A600DD26D8 /* AppDelegate.m */ = {isa = PBXFileReference; lastKnownFileType = sourcecode.c.objc; path = AppDelegate.m; sourceTree = "<group>"; };
		BCD499E21F1FE9A600DD26D8 /* LayoutViewController.h */ = {isa = PBXFileReference; lastKnownFileType = sourcecode.c.h; path = LayoutViewController.h; sourceTree = "<group>"; };
		BCD499E31F1FE9A600DD26D8 /* LayoutViewController.m */ = {isa = PBXFileReference; lastKnownFileType = sourcecode.c.objc; path = LayoutViewController.m; sourceTree = "<group>"; };
		BCD499E81F1FE9A600DD26D8 /* Assets.xcassets */ = {isa = PBXFileReference; lastKnownFileType = folder.assetcatalog; path = Assets.xcassets; sourceTree = "<group>"; };
		BCD499EB1F1FE9A600DD26D8 /* Base */ = {isa = PBXFileReference; lastKnownFileType = file.storyboard; name = Base; path = Base.lproj/LaunchScreen.storyboard; sourceTree = "<group>"; };
		BCD499ED1F1FE9A600DD26D8 /* Info.plist */ = {isa = PBXFileReference; lastKnownFileType = text.plist.xml; path = Info.plist; sourceTree = "<group>"; };
		BCD499F31F1FFCF000DD26D8 /* ContentViewController.h */ = {isa = PBXFileReference; fileEncoding = 4; lastKnownFileType = sourcecode.c.h; path = ContentViewController.h; sourceTree = "<group>"; };
		BCD499F41F1FFCF000DD26D8 /* ContentViewController.m */ = {isa = PBXFileReference; fileEncoding = 4; lastKnownFileType = sourcecode.c.objc; path = ContentViewController.m; sourceTree = "<group>"; };
		BCD499F61F24C21400DD26D8 /* RootViewController.h */ = {isa = PBXFileReference; fileEncoding = 4; lastKnownFileType = sourcecode.c.h; path = RootViewController.h; sourceTree = "<group>"; };
		BCD499F71F24C21400DD26D8 /* RootViewController.m */ = {isa = PBXFileReference; fileEncoding = 4; lastKnownFileType = sourcecode.c.objc; path = RootViewController.m; sourceTree = "<group>"; };
/* End PBXFileReference section */

/* Begin PBXFrameworksBuildPhase section */
		BCD499D61F1FE9A600DD26D8 /* Frameworks */ = {
			isa = PBXFrameworksBuildPhase;
			buildActionMask = 2147483647;
			files = (
			);
			runOnlyForDeploymentPostprocessing = 0;
		};
/* End PBXFrameworksBuildPhase section */

/* Begin PBXGroup section */
		BCD499D01F1FE9A600DD26D8 = {
			isa = PBXGroup;
			children = (
				BCD499DB1F1FE9A600DD26D8 /* LayoutViewController */,
				BCD499DA1F1FE9A600DD26D8 /* Products */,
			);
			sourceTree = "<group>";
		};
		BCD499DA1F1FE9A600DD26D8 /* Products */ = {
			isa = PBXGroup;
			children = (
				BCD499D91F1FE9A600DD26D8 /* LayoutViewController.app */,
			);
			name = Products;
			sourceTree = "<group>";
		};
		BCD499DB1F1FE9A600DD26D8 /* LayoutViewController */ = {
			isa = PBXGroup;
			children = (
				BCD499DF1F1FE9A600DD26D8 /* AppDelegate.h */,
				BCD499E01F1FE9A600DD26D8 /* AppDelegate.m */,
				BCD499F61F24C21400DD26D8 /* RootViewController.h */,
				BCD499F71F24C21400DD26D8 /* RootViewController.m */,
				BCD499E21F1FE9A600DD26D8 /* LayoutViewController.h */,
				BCD499E31F1FE9A600DD26D8 /* LayoutViewController.m */,
				BCD499F31F1FFCF000DD26D8 /* ContentViewController.h */,
				BCD499F41F1FFCF000DD26D8 /* ContentViewController.m */,
				BCD499E81F1FE9A600DD26D8 /* Assets.xcassets */,
				BCD499EA1F1FE9A600DD26D8 /* LaunchScreen.storyboard */,
				BCD499ED1F1FE9A600DD26D8 /* Info.plist */,
				BCD499DC1F1FE9A600DD26D8 /* Supporting Files */,
			);
			path = LayoutViewController;
			sourceTree = "<group>";
		};
		BCD499DC1F1FE9A600DD26D8 /* Supporting Files */ = {
			isa = PBXGroup;
			children = (
				BCD499DD1F1FE9A600DD26D8 /* main.m */,
			);
			name = "Supporting Files";
			sourceTree = "<group>";
		};
/* End PBXGroup section */

/* Begin PBXNativeTarget section */
		BCD499D81F1FE9A600DD26D8 /* LayoutViewController */ = {
			isa = PBXNativeTarget;
			buildConfigurationList = BCD499F01F1FE9A600DD26D8 /* Build configuration list for PBXNativeTarget "LayoutViewController" */;
			buildPhases = (
				BCD499D51F1FE9A600DD26D8 /* Sources */,
				BCD499D61F1FE9A600DD26D8 /* Frameworks */,
				BCD499D71F1FE9A600DD26D8 /* Resources */,
			);
			buildRules = (
			);
			dependencies = (
			);
			name = LayoutViewController;
			productName = LayoutViewController;
			productReference = BCD499D91F1FE9A600DD26D8 /* LayoutViewController.app */;
			productType = "com.apple.product-type.application";
		};
/* End PBXNativeTarget section */

/* Begin PBXProject section */
		BCD499D11F1FE9A600DD26D8 /* Project object */ = {
			isa = PBXProject;
			attributes = {
				LastUpgradeCheck = 0830;
				ORGANIZATIONNAME = "Vladimir Bolotov";
				TargetAttributes = {
					BCD499D81F1FE9A600DD26D8 = {
						CreatedOnToolsVersion = 8.3.3;
						DevelopmentTeam = 5ZQVMY2389;
						ProvisioningStyle = Automatic;
					};
				};
			};
			buildConfigurationList = BCD499D41F1FE9A600DD26D8 /* Build configuration list for PBXProject "LayoutViewController" */;
			compatibilityVersion = "Xcode 3.2";
			developmentRegion = English;
			hasScannedForEncodings = 0;
			knownRegions = (
				en,
				Base,
			);
			mainGroup = BCD499D01F1FE9A600DD26D8;
			productRefGroup = BCD499DA1F1FE9A600DD26D8 /* Products */;
			projectDirPath = "";
			projectRoot = "";
			targets = (
				BCD499D81F1FE9A600DD26D8 /* LayoutViewController */,
			);
		};
/* End PBXProject section */

/* Begin PBXResourcesBuildPhase section */
		BCD499D71F1FE9A600DD26D8 /* Resources */ = {
			isa = PBXResourcesBuildPhase;
			buildActionMask = 2147483647;
			files = (
				BCD499EC1F1FE9A600DD26D8 /* LaunchScreen.storyboard in Resources */,
				BCD499E91F1FE9A600DD26D8 /* Assets.xcassets in Resources */,
			);
			runOnlyForDeploymentPostprocessing = 0;
		};
/* End PBXResourcesBuildPhase section */

/* Begin PBXSourcesBuildPhase section */
		BCD499D51F1FE9A600DD26D8 /* Sources */ = {
			isa = PBXSourcesBuildPhase;
			buildActionMask = 2147483647;
			files = (
				BCD499F51F1FFCF000DD26D8 /* ContentViewController.m in Sources */,
				BCD499E41F1FE9A600DD26D8 /* LayoutViewController.m in Sources */,
				BCD499E11F1FE9A600DD26D8 /* AppDelegate.m in Sources */,
				BCD499DE1F1FE9A600DD26D8 /* main.m in Sources */,
				BCD499F81F24C21400DD26D8 /* RootViewController.m in Sources */,
			);
			runOnlyForDeploymentPostprocessing = 0;
		};
/* End PBXSourcesBuildPhase section */

/* Begin PBXVariantGroup section */
		BCD499EA1F1FE9A600DD26D8 /* LaunchScreen.storyboard */ = {
			isa = PBXVariantGroup;
			children = (
				BCD499EB1F1FE9A600DD26D8 /* Base */,
			);
			name = LaunchScreen.storyboard;
			sourceTree = "<group>";
		};
/* End PBXVariantGroup section */

/* Begin XCBuildConfiguration section */
		BCD499EE1F1FE9A600DD26D8 /* Debug */ = {
			isa = XCBuildConfiguration;
			buildSettings = {
				ALWAYS_SEARCH_USER_PATHS = NO;
				CLANG_ANALYZER_NONNULL = YES;
				CLANG_ANALYZER_NUMBER_OBJECT_CONVERSION = YES_AGGRESSIVE;
				CLANG_CXX_LANGUAGE_STANDARD = "gnu++0x";
				CLANG_CXX_LIBRARY = "libc++";
				CLANG_ENABLE_MODULES = YES;
				CLANG_ENABLE_OBJC_ARC = YES;
				CLANG_WARN_BOOL_CONVERSION = YES;
				CLANG_WARN_CONSTANT_CONVERSION = YES;
				CLANG_WARN_DIRECT_OBJC_ISA_USAGE = YES_ERROR;
				CLANG_WARN_DOCUMENTATION_COMMENTS = YES;
				CLANG_WARN_EMPTY_BODY = YES;
				CLANG_WARN_ENUM_CONVERSION = YES;
				CLANG_WARN_INFINITE_RECURSION = YES;
				CLANG_WARN_INT_CONVERSION = YES;
				CLANG_WARN_OBJC_ROOT_CLASS = YES_ERROR;
				CLANG_WARN_SUSPICIOUS_MOVE = YES;
				CLANG_WARN_UNREACHABLE_CODE = YES;
				CLANG_WARN__DUPLICATE_METHOD_MATCH = YES;
				"CODE_SIGN_IDENTITY[sdk=iphoneos*]" = "iPhone Developer";
				COPY_PHASE_STRIP = NO;
				DEBUG_INFORMATION_FORMAT = dwarf;
				ENABLE_STRICT_OBJC_MSGSEND = YES;
				ENABLE_TESTABILITY = YES;
				GCC_C_LANGUAGE_STANDARD = gnu99;
				GCC_DYNAMIC_NO_PIC = NO;
				GCC_NO_COMMON_BLOCKS = YES;
				GCC_OPTIMIZATION_LEVEL = 0;
				GCC_PREPROCESSOR_DEFINITIONS = (
					"DEBUG=1",
					"$(inherited)",
				);
				GCC_WARN_64_TO_32_BIT_CONVERSION = YES;
				GCC_WARN_ABOUT_RETURN_TYPE = YES_ERROR;
				GCC_WARN_UNDECLARED_SELECTOR = YES;
				GCC_WARN_UNINITIALIZED_AUTOS = YES_AGGRESSIVE;
				GCC_WARN_UNUSED_FUNCTION = YES;
				GCC_WARN_UNUSED_VARIABLE = YES;
				IPHONEOS_DEPLOYMENT_TARGET = 10.3;
				MTL_ENABLE_DEBUG_INFO = YES;
				ONLY_ACTIVE_ARCH = YES;
				SDKROOT = iphoneos;
				TARGETED_DEVICE_FAMILY = "1,2";
			};
			name = Debug;
		};
		BCD499EF1F1FE9A600DD26D8 /* Release */ = {
			isa = XCBuildConfiguration;
			buildSettings = {
				ALWAYS_SEARCH_USER_PATHS = NO;
				CLANG_ANALYZER_NONNULL = YES;
				CLANG_ANALYZER_NUMBER_OBJECT_CONVERSION = YES_AGGRESSIVE;
				CLANG_CXX_LANGUAGE_STANDARD = "gnu++0x";
				CLANG_CXX_LIBRARY = "libc++";
				CLANG_ENABLE_MODULES = YES;
				CLANG_ENABLE_OBJC_ARC = YES;
				CLANG_WARN_BOOL_CONVERSION = YES;
				CLANG_WARN_CONSTANT_CONVERSION = YES;
				CLANG_WARN_DIRECT_OBJC_ISA_USAGE = YES_ERROR;
				CLANG_WARN_DOCUMENTATION_COMMENTS = YES;
				CLANG_WARN_EMPTY_BODY = YES;
				CLANG_WARN_ENUM_CONVERSION = YES;
				CLANG_WARN_INFINITE_RECURSION = YES;
				CLANG_WARN_INT_CONVERSION = YES;
				CLANG_WARN_OBJC_ROOT_CLASS = YES_ERROR;
				CLANG_WARN_SUSPICIOUS_MOVE = YES;
				CLANG_WARN_UNREACHABLE_CODE = YES;
				CLANG_WARN__DUPLICATE_METHOD_MATCH = YES;
				"CODE_SIGN_IDENTITY[sdk=iphoneos*]" = "iPhone Developer";
				COPY_PHASE_STRIP = NO;
				DEBUG_INFORMATION_FORMAT = "dwarf-with-dsym";
				ENABLE_NS_ASSERTIONS = NO;
				ENABLE_STRICT_OBJC_MSGSEND = YES;
				GCC_C_LANGUAGE_STANDARD = gnu99;
				GCC_NO_COMMON_BLOCKS = YES;
				GCC_WARN_64_TO_32_BIT_CONVERSION = YES;
				GCC_WARN_ABOUT_RETURN_TYPE = YES_ERROR;
				GCC_WARN_UNDECLARED_SELECTOR = YES;
				GCC_WARN_UNINITIALIZED_AUTOS = YES_AGGRESSIVE;
				GCC_WARN_UNUSED_FUNCTION = YES;
				GCC_WARN_UNUSED_VARIABLE = YES;
				IPHONEOS_DEPLOYMENT_TARGET = 10.3;
				MTL_ENABLE_DEBUG_INFO = NO;
				SDKROOT = iphoneos;
				TARGETED_DEVICE_FAMILY = "1,2";
				VALIDATE_PRODUCT = YES;
			};
			name = Release;
		};
		BCD499F11F1FE9A600DD26D8 /* Debug */ = {
			isa = XCBuildConfiguration;
			buildSettings = {
				ASSETCATALOG_COMPILER_APPICON_NAME = AppIcon;
				DEVELOPMENT_TEAM = 5ZQVMY2389;
				INFOPLIST_FILE = LayoutViewController/Info.plist;
				LD_RUNPATH_SEARCH_PATHS = "$(inherited) @executable_path/Frameworks";
				PRODUCT_BUNDLE_IDENTIFIER = com.VladimirBolotov.LayoutViewController;
				PRODUCT_NAME = "$(TARGET_NAME)";
			};
			name = Debug;
		};
		BCD499F21F1FE9A600DD26D8 /* Release */ = {
			isa = XCBuildConfiguration;
			buildSettings = {
				ASSETCATALOG_COMPILER_APPICON_NAME = AppIcon;
				DEVELOPMENT_TEAM = 5ZQVMY2389;
				INFOPLIST_FILE = LayoutViewController/Info.plist;
				LD_RUNPATH_SEARCH_PATHS = "$(inherited) @executable_path/Frameworks";
				PRODUCT_BUNDLE_IDENTIFIER = com.VladimirBolotov.LayoutViewController;
				PRODUCT_NAME = "$(TARGET_NAME)";
			};
			name = Release;
		};
/* End XCBuildConfiguration section */

/* Begin XCConfigurationList section */
		BCD499D41F1FE9A600DD26D8 /* Build configuration list for PBXProject "LayoutViewController" */ = {
			isa = XCConfigurationList;
			buildConfigurations = (
				BCD499EE1F1FE9A600DD26D8 /* Debug */,
				BCD499EF1F1FE9A600DD26D8 /* Release */,
			);
			defaultConfigurationIsVisible = 0;
			defaultConfigurationName = Release;
		};
		BCD499F01F1FE9A600DD26D8 /* Build configuration list for PBXNativeTarget "LayoutViewController" */ = {
			isa = XCConfigurationList;
			buildConfigurations = (
				BCD499F11F1FE9A600DD26D8 /* Debug */,
				BCD499F21F1FE9A600DD26D8 /* Release */,
			);
			defaultConfigurationIsVisible = 0;
			defaultConfigurationName = Release;
		};
/* End XCConfigurationList section */
	};
	rootObject = BCD499D11F1FE9A600DD26D8 /* Project object */;
}
